// !$*UTF8*$!
{
	archiveVersion = 1;
	classes = {
	};
	objectVersion = 46;
	objects = {

/* Begin PBXBuildFile section */
		9916587C1D2AAE510099C90A /* orange.png in Resources */ = {isa = PBXBuildFile; fileRef = 991658771D2AAE510099C90A /* orange.png */; };
		9916587D1D2AAE510099C90A /* banana.png in Resources */ = {isa = PBXBuildFile; fileRef = 991658781D2AAE510099C90A /* banana.png */; };
		9916587E1D2AAE510099C90A /* melon.png in Resources */ = {isa = PBXBuildFile; fileRef = 991658791D2AAE510099C90A /* melon.png */; };
		9916587F1D2AAE510099C90A /* lemon.png in Resources */ = {isa = PBXBuildFile; fileRef = 9916587A1D2AAE510099C90A /* lemon.png */; };
		991658801D2AAE510099C90A /* apple.png in Resources */ = {isa = PBXBuildFile; fileRef = 9916587B1D2AAE510099C90A /* apple.png */; };
		9929EB7B1D29533200EF2276 /* ModelList.swift in Sources */ = {isa = PBXBuildFile; fileRef = 9929EB7A1D29533200EF2276 /* ModelList.swift */; };
		9929EB9D1D295C2700EF2276 /* ModelDetail.swift in Sources */ = {isa = PBXBuildFile; fileRef = 9929EB9C1D295C2700EF2276 /* ModelDetail.swift */; };
		994F27A41D2A442D00A6B4BA /* DetailViewController.swift in Sources */ = {isa = PBXBuildFile; fileRef = 994F27A31D2A442D00A6B4BA /* DetailViewController.swift */; };
		998D878B1D1EADC1003476C7 /* AppDelegate.swift in Sources */ = {isa = PBXBuildFile; fileRef = 998D878A1D1EADC1003476C7 /* AppDelegate.swift */; };
		998D87921D1EADC1003476C7 /* Assets.xcassets in Resources */ = {isa = PBXBuildFile; fileRef = 998D87911D1EADC1003476C7 /* Assets.xcassets */; };
		998D879D1D1EAE03003476C7 /* MainViewController.swift in Sources */ = {isa = PBXBuildFile; fileRef = 998D879C1D1EAE03003476C7 /* MainViewController.swift */; };
		998D879F1D1EB274003476C7 /* MainTableViewController.swift in Sources */ = {isa = PBXBuildFile; fileRef = 998D879E1D1EB274003476C7 /* MainTableViewController.swift */; };
/* End PBXBuildFile section */

/* Begin PBXFileReference section */
		991658771D2AAE510099C90A /* orange.png */ = {isa = PBXFileReference; lastKnownFileType = image.png; path = orange.png; sourceTree = "<group>"; };
		991658781D2AAE510099C90A /* banana.png */ = {isa = PBXFileReference; lastKnownFileType = image.png; path = banana.png; sourceTree = "<group>"; };
		991658791D2AAE510099C90A /* melon.png */ = {isa = PBXFileReference; lastKnownFileType = image.png; path = melon.png; sourceTree = "<group>"; };
		9916587A1D2AAE510099C90A /* lemon.png */ = {isa = PBXFileReference; lastKnownFileType = image.png; path = lemon.png; sourceTree = "<group>"; };
		9916587B1D2AAE510099C90A /* apple.png */ = {isa = PBXFileReference; lastKnownFileType = image.png; path = apple.png; sourceTree = "<group>"; };
		9929EB7A1D29533200EF2276 /* ModelList.swift */ = {isa = PBXFileReference; fileEncoding = 4; lastKnownFileType = sourcecode.swift; path = ModelList.swift; sourceTree = "<group>"; };
		9929EB9C1D295C2700EF2276 /* ModelDetail.swift */ = {isa = PBXFileReference; fileEncoding = 4; lastKnownFileType = sourcecode.swift; path = ModelDetail.swift; sourceTree = "<group>"; };
		994F27A31D2A442D00A6B4BA /* DetailViewController.swift */ = {isa = PBXFileReference; fileEncoding = 4; lastKnownFileType = sourcecode.swift; name = DetailViewController.swift; path = ../DetailViewController.swift; sourceTree = "<group>"; };
		998D87871D1EADC1003476C7 /* sample-tableview-swift.app */ = {isa = PBXFileReference; explicitFileType = wrapper.application; includeInIndex = 0; path = "sample-tableview-swift.app"; sourceTree = BUILT_PRODUCTS_DIR; };
		998D878A1D1EADC1003476C7 /* AppDelegate.swift */ = {isa = PBXFileReference; lastKnownFileType = sourcecode.swift; path = AppDelegate.swift; sourceTree = "<group>"; };
		998D87911D1EADC1003476C7 /* Assets.xcassets */ = {isa = PBXFileReference; lastKnownFileType = folder.assetcatalog; path = Assets.xcassets; sourceTree = "<group>"; };
		998D87961D1EADC1003476C7 /* Info.plist */ = {isa = PBXFileReference; lastKnownFileType = text.plist.xml; path = Info.plist; sourceTree = "<group>"; };
		998D879C1D1EAE03003476C7 /* MainViewController.swift */ = {isa = PBXFileReference; fileEncoding = 4; lastKnownFileType = sourcecode.swift; path = MainViewController.swift; sourceTree = "<group>"; };
		998D879E1D1EB274003476C7 /* MainTableViewController.swift */ = {isa = PBXFileReference; fileEncoding = 4; lastKnownFileType = sourcecode.swift; path = MainTableViewController.swift; sourceTree = "<group>"; };
/* End PBXFileReference section */

/* Begin PBXFrameworksBuildPhase section */
		998D87841D1EADC1003476C7 /* Frameworks */ = {
			isa = PBXFrameworksBuildPhase;
			buildActionMask = 2147483647;
			files = (
			);
			runOnlyForDeploymentPostprocessing = 0;
		};
/* End PBXFrameworksBuildPhase section */

/* Begin PBXGroup section */
		991658751D2AADBC0099C90A /* Model */ = {
			isa = PBXGroup;
			children = (
				9929EB7A1D29533200EF2276 /* ModelList.swift */,
				9929EB9C1D295C2700EF2276 /* ModelDetail.swift */,
			);
			name = Model;
			sourceTree = "<group>";
		};
		991658761D2AAE3E0099C90A /* img */ = {
			isa = PBXGroup;
			children = (
				991658771D2AAE510099C90A /* orange.png */,
				991658781D2AAE510099C90A /* banana.png */,
				991658791D2AAE510099C90A /* melon.png */,
				9916587A1D2AAE510099C90A /* lemon.png */,
				9916587B1D2AAE510099C90A /* apple.png */,
			);
			name = img;
			sourceTree = "<group>";
		};
		998D877E1D1EADC1003476C7 = {
			isa = PBXGroup;
			children = (
				998D87891D1EADC1003476C7 /* sample-tableview-swift */,
				998D87881D1EADC1003476C7 /* Products */,
			);
			sourceTree = "<group>";
		};
		998D87881D1EADC1003476C7 /* Products */ = {
			isa = PBXGroup;
			children = (
				998D87871D1EADC1003476C7 /* sample-tableview-swift.app */,
			);
			name = Products;
			sourceTree = "<group>";
		};
		998D87891D1EADC1003476C7 /* sample-tableview-swift */ = {
			isa = PBXGroup;
			children = (
				991658761D2AAE3E0099C90A /* img */,
				991658751D2AADBC0099C90A /* Model */,
				998D878A1D1EADC1003476C7 /* AppDelegate.swift */,
				994F27A31D2A442D00A6B4BA /* DetailViewController.swift */,
				998D879C1D1EAE03003476C7 /* MainViewController.swift */,
				998D879E1D1EB274003476C7 /* MainTableViewController.swift */,
				998D87911D1EADC1003476C7 /* Assets.xcassets */,
				998D87961D1EADC1003476C7 /* Info.plist */,
			);
			path = "sample-tableview-swift";
			sourceTree = "<group>";
		};
/* End PBXGroup section */

/* Begin PBXNativeTarget section */
		998D87861D1EADC1003476C7 /* sample-tableview-swift */ = {
			isa = PBXNativeTarget;
			buildConfigurationList = 998D87991D1EADC1003476C7 /* Build configuration list for PBXNativeTarget "sample-tableview-swift" */;
			buildPhases = (
				998D87831D1EADC1003476C7 /* Sources */,
				998D87841D1EADC1003476C7 /* Frameworks */,
				998D87851D1EADC1003476C7 /* Resources */,
			);
			buildRules = (
			);
			dependencies = (
			);
			name = "sample-tableview-swift";
			productName = "sample-tableview-swift";
			productReference = 998D87871D1EADC1003476C7 /* sample-tableview-swift.app */;
			productType = "com.apple.product-type.application";
		};
/* End PBXNativeTarget section */

/* Begin PBXProject section */
		998D877F1D1EADC1003476C7 /* Project object */ = {
			isa = PBXProject;
			attributes = {
				LastSwiftUpdateCheck = 0730;
				LastUpgradeCheck = 0730;
				ORGANIZATIONNAME = "shino-g";
				TargetAttributes = {
					998D87861D1EADC1003476C7 = {
						CreatedOnToolsVersion = 7.3.1;
					};
				};
			};
			buildConfigurationList = 998D87821D1EADC1003476C7 /* Build configuration list for PBXProject "sample-tableview-swift" */;
			compatibilityVersion = "Xcode 3.2";
			developmentRegion = English;
			hasScannedForEncodings = 0;
			knownRegions = (
				en,
				Base,
			);
			mainGroup = 998D877E1D1EADC1003476C7;
			productRefGroup = 998D87881D1EADC1003476C7 /* Products */;
			projectDirPath = "";
			projectRoot = "";
			targets = (
				998D87861D1EADC1003476C7 /* sample-tableview-swift */,
			);
		};
/* End PBXProject section */

/* Begin PBXResourcesBuildPhase section */
		998D87851D1EADC1003476C7 /* Resources */ = {
			isa = PBXResourcesBuildPhase;
			buildActionMask = 2147483647;
			files = (
				998D87921D1EADC1003476C7 /* Assets.xcassets in Resources */,
				9916587D1D2AAE510099C90A /* banana.png in Resources */,
				991658801D2AAE510099C90A /* apple.png in Resources */,
				9916587C1D2AAE510099C90A /* orange.png in Resources */,
				9916587E1D2AAE510099C90A /* melon.png in Resources */,
				9916587F1D2AAE510099C90A /* lemon.png in Resources */,
			);
			runOnlyForDeploymentPostprocessing = 0;
		};
/* End PBXResourcesBuildPhase section */

/* Begin PBXSourcesBuildPhase section */
		998D87831D1EADC1003476C7 /* Sources */ = {
			isa = PBXSourcesBuildPhase;
			buildActionMask = 2147483647;
			files = (
				998D879D1D1EAE03003476C7 /* MainViewController.swift in Sources */,
				998D878B1D1EADC1003476C7 /* AppDelegate.swift in Sources */,
				9929EB9D1D295C2700EF2276 /* ModelDetail.swift in Sources */,
				9929EB7B1D29533200EF2276 /* ModelList.swift in Sources */,
				998D879F1D1EB274003476C7 /* MainTableViewController.swift in Sources */,
				994F27A41D2A442D00A6B4BA /* DetailViewController.swift in Sources */,
			);
			runOnlyForDeploymentPostprocessing = 0;
		};
/* End PBXSourcesBuildPhase section */

/* Begin XCBuildConfiguration section */
		998D87971D1EADC1003476C7 /* Debug */ = {
			isa = XCBuildConfiguration;
			buildSettings = {
				ALWAYS_SEARCH_USER_PATHS = NO;
				CLANG_ANALYZER_NONNULL = YES;
				CLANG_CXX_LANGUAGE_STANDARD = "gnu++0x";
				CLANG_CXX_LIBRARY = "libc++";
				CLANG_ENABLE_MODULES = YES;
				CLANG_ENABLE_OBJC_ARC = YES;
				CLANG_WARN_BOOL_CONVERSION = YES;
				CLANG_WARN_CONSTANT_CONVERSION = YES;
				CLANG_WARN_DIRECT_OBJC_ISA_USAGE = YES_ERROR;
				CLANG_WARN_EMPTY_BODY = YES;
				CLANG_WARN_ENUM_CONVERSION = YES;
				CLANG_WARN_INT_CONVERSION = YES;
				CLANG_WARN_OBJC_ROOT_CLASS = YES_ERROR;
				CLANG_WARN_UNREACHABLE_CODE = YES;
				CLANG_WARN__DUPLICATE_METHOD_MATCH = YES;
				"CODE_SIGN_IDENTITY[sdk=iphoneos*]" = "iPhone Developer";
				COPY_PHASE_STRIP = NO;
				DEBUG_INFORMATION_FORMAT = dwarf;
				ENABLE_STRICT_OBJC_MSGSEND = YES;
				ENABLE_TESTABILITY = YES;
				GCC_C_LANGUAGE_STANDARD = gnu99;
				GCC_DYNAMIC_NO_PIC = NO;
				GCC_NO_COMMON_BLOCKS = YES;
				GCC_OPTIMIZATION_LEVEL = 0;
				GCC_PREPROCESSOR_DEFINITIONS = (
					"DEBUG=1",
					"$(inherited)",
				);
				GCC_WARN_64_TO_32_BIT_CONVERSION = YES;
				GCC_WARN_ABOUT_RETURN_TYPE = YES_ERROR;
				GCC_WARN_UNDECLARED_SELECTOR = YES;
				GCC_WARN_UNINITIALIZED_AUTOS = YES_AGGRESSIVE;
				GCC_WARN_UNUSED_FUNCTION = YES;
				GCC_WARN_UNUSED_VARIABLE = YES;
				IPHONEOS_DEPLOYMENT_TARGET = 9.3;
				MTL_ENABLE_DEBUG_INFO = YES;
				ONLY_ACTIVE_ARCH = YES;
				SDKROOT = iphoneos;
				SWIFT_OPTIMIZATION_LEVEL = "-Onone";
				TARGETED_DEVICE_FAMILY = "1,2";
			};
			name = Debug;
		};
		998D87981D1EADC1003476C7 /* Release */ = {
			isa = XCBuildConfiguration;
			buildSettings = {
				ALWAYS_SEARCH_USER_PATHS = NO;
				CLANG_ANALYZER_NONNULL = YES;
				CLANG_CXX_LANGUAGE_STANDARD = "gnu++0x";
				CLANG_CXX_LIBRARY = "libc++";
				CLANG_ENABLE_MODULES = YES;
				CLANG_ENABLE_OBJC_ARC = YES;
				CLANG_WARN_BOOL_CONVERSION = YES;
				CLANG_WARN_CONSTANT_CONVERSION = YES;
				CLANG_WARN_DIRECT_OBJC_ISA_USAGE = YES_ERROR;
				CLANG_WARN_EMPTY_BODY = YES;
				CLANG_WARN_ENUM_CONVERSION = YES;
				CLANG_WARN_INT_CONVERSION = YES;
				CLANG_WARN_OBJC_ROOT_CLASS = YES_ERROR;
				CLANG_WARN_UNREACHABLE_CODE = YES;
				CLANG_WARN__DUPLICATE_METHOD_MATCH = YES;
				"CODE_SIGN_IDENTITY[sdk=iphoneos*]" = "iPhone Developer";
				COPY_PHASE_STRIP = NO;
				DEBUG_INFORMATION_FORMAT = "dwarf-with-dsym";
				ENABLE_NS_ASSERTIONS = NO;
				ENABLE_STRICT_OBJC_MSGSEND = YES;
				GCC_C_LANGUAGE_STANDARD = gnu99;
				GCC_NO_COMMON_BLOCKS = YES;
				GCC_WARN_64_TO_32_BIT_CONVERSION = YES;
				GCC_WARN_ABOUT_RETURN_TYPE = YES_ERROR;
				GCC_WARN_UNDECLARED_SELECTOR = YES;
				GCC_WARN_UNINITIALIZED_AUTOS = YES_AGGRESSIVE;
				GCC_WARN_UNUSED_FUNCTION = YES;
				GCC_WARN_UNUSED_VARIABLE = YES;
				IPHONEOS_DEPLOYMENT_TARGET = 9.3;
				MTL_ENABLE_DEBUG_INFO = NO;
				SDKROOT = iphoneos;
				TARGETED_DEVICE_FAMILY = "1,2";
				VALIDATE_PRODUCT = YES;
			};
			name = Release;
		};
		998D879A1D1EADC1003476C7 /* Debug */ = {
			isa = XCBuildConfiguration;
			buildSettings = {
				ASSETCATALOG_COMPILER_APPICON_NAME = AppIcon;
				INFOPLIST_FILE = "sample-tableview-swift/Info.plist";
				LD_RUNPATH_SEARCH_PATHS = "$(inherited) @executable_path/Frameworks";
				PRODUCT_BUNDLE_IDENTIFIER = "jp.co.shino-g.sample-tableview-swift";
				PRODUCT_NAME = "$(TARGET_NAME)";
			};
			name = Debug;
		};
		998D879B1D1EADC1003476C7 /* Release */ = {
			isa = XCBuildConfiguration;
			buildSettings = {
				ASSETCATALOG_COMPILER_APPICON_NAME = AppIcon;
				INFOPLIST_FILE = "sample-tableview-swift/Info.plist";
				LD_RUNPATH_SEARCH_PATHS = "$(inherited) @executable_path/Frameworks";
				PRODUCT_BUNDLE_IDENTIFIER = "jp.co.shino-g.sample-tableview-swift";
				PRODUCT_NAME = "$(TARGET_NAME)";
			};
			name = Release;
		};
/* End XCBuildConfiguration section */

/* Begin XCConfigurationList section */
		998D87821D1EADC1003476C7 /* Build configuration list for PBXProject "sample-tableview-swift" */ = {
			isa = XCConfigurationList;
			buildConfigurations = (
				998D87971D1EADC1003476C7 /* Debug */,
				998D87981D1EADC1003476C7 /* Release */,
			);
			defaultConfigurationIsVisible = 0;
			defaultConfigurationName = Release;
		};
		998D87991D1EADC1003476C7 /* Build configuration list for PBXNativeTarget "sample-tableview-swift" */ = {
			isa = XCConfigurationList;
			buildConfigurations = (
				998D879A1D1EADC1003476C7 /* Debug */,
				998D879B1D1EADC1003476C7 /* Release */,
			);
			defaultConfigurationIsVisible = 0;
			defaultConfigurationName = Release;
		};
/* End XCConfigurationList section */
	};
	rootObject = 998D877F1D1EADC1003476C7 /* Project object */;
}
